
Microsoft Visual Studio Solution File, Format Version 12.00
# Visual Studio Version 16
VisualStudioVersion = 16.0.30907.101
MinimumVisualStudioVersion = 10.0.40219.1
Project("{FAE04EC0-301F-11D3-BF4B-00C04F79EFBC}") = "collections_stack", "collections_stack\collections_stack.csproj", "{271AEB02-D352-49E5-AA7F-F68A8C0A79DF}"
EndProject
Global
	GlobalSection(SolutionConfigurationPlatforms) = preSolution
		Debug|Any CPU = Debug|Any CPU
		Release|Any CPU = Release|Any CPU
	EndGlobalSection
	GlobalSection(ProjectConfigurationPlatforms) = postSolution
		{271AEB02-D352-49E5-AA7F-F68A8C0A79DF}.Debug|Any CPU.ActiveCfg = Debug|Any CPU
		{271AEB02-D352-49E5-AA7F-F68A8C0A79DF}.Debug|Any CPU.Build.0 = Debug|Any CPU
		{271AEB02-D352-49E5-AA7F-F68A8C0A79DF}.Release|Any CPU.ActiveCfg = Release|Any CPU
		{271AEB02-D352-49E5-AA7F-F68A8C0A79DF}.Release|Any CPU.Build.0 = Release|Any CPU
	EndGlobalSection
	GlobalSection(SolutionProperties) = preSolution
		HideSolutionNode = FALSE
	EndGlobalSection
	GlobalSection(ExtensibilityGlobals) = postSolution
		SolutionGuid = {D62C9440-EB8D-434A-BF03-19AD2F7CF610}
	EndGlobalSection
EndGlobal
